
Microsoft Visual Studio Solution File, Format Version 12.00
# Visual Studio Version 16
VisualStudioVersion = 16.0.30804.86
MinimumVisualStudioVersion = 10.0.40219.1
Project("{FAE04EC0-301F-11D3-BF4B-00C04F79EFBC}") = "Sample", "Sample.csproj", "{B2FC0CF5-3EB8-460E-AE66-0AA55594DCE7}"
EndProject
Global
	GlobalSection(SolutionConfigurationPlatforms) = preSolution
		Debug|Any CPU = Debug|Any CPU
		Release|Any CPU = Release|Any CPU
	EndGlobalSection
	GlobalSection(ProjectConfigurationPlatforms) = postSolution
		{B2FC0CF5-3EB8-460E-AE66-0AA55594DCE7}.Debug|Any CPU.ActiveCfg = Debug|Any CPU
		{B2FC0CF5-3EB8-460E-AE66-0AA55594DCE7}.Debug|Any CPU.Build.0 = Debug|Any CPU
		{B2FC0CF5-3EB8-460E-AE66-0AA55594DCE7}.Release|Any CPU.ActiveCfg = Release|Any CPU
		{B2FC0CF5-3EB8-460E-AE66-0AA55594DCE7}.Release|Any CPU.Build.0 = Release|Any CPU
	EndGlobalSection
	GlobalSection(SolutionProperties) = preSolution
		HideSolutionNode = FALSE
	EndGlobalSection
	GlobalSection(ExtensibilityGlobals) = postSolution
		SolutionGuid = {1485E540-AE4A-484A-A4DE-6B23CAE5B914}
	EndGlobalSection
EndGlobal
