
Microsoft Visual Studio Solution File, Format Version 12.00
# Visual Studio Version 16
VisualStudioVersion = 16.0.30517.126
MinimumVisualStudioVersion = 10.0.40219.1
Project("{FAE04EC0-301F-11D3-BF4B-00C04F79EFBC}") = "Sample", "Sample.csproj", "{BE10B92D-66F0-4FFA-9E1F-48D56157EE9A}"
EndProject
Global
	GlobalSection(SolutionConfigurationPlatforms) = preSolution
		Debug|Any CPU = Debug|Any CPU
		Release|Any CPU = Release|Any CPU
	EndGlobalSection
	GlobalSection(ProjectConfigurationPlatforms) = postSolution
		{BE10B92D-66F0-4FFA-9E1F-48D56157EE9A}.Debug|Any CPU.ActiveCfg = Debug|Any CPU
		{BE10B92D-66F0-4FFA-9E1F-48D56157EE9A}.Debug|Any CPU.Build.0 = Debug|Any CPU
		{BE10B92D-66F0-4FFA-9E1F-48D56157EE9A}.Release|Any CPU.ActiveCfg = Release|Any CPU
		{BE10B92D-66F0-4FFA-9E1F-48D56157EE9A}.Release|Any CPU.Build.0 = Release|Any CPU
	EndGlobalSection
	GlobalSection(SolutionProperties) = preSolution
		HideSolutionNode = FALSE
	EndGlobalSection
	GlobalSection(ExtensibilityGlobals) = postSolution
		SolutionGuid = {B3FBD571-1A2F-43F8-A980-A3F838199687}
	EndGlobalSection
EndGlobal
